<?xml version="1.0" encoding="utf-8"?>
<Project ToolsVersion="4.0" xmlns="http://schemas.microsoft.com/developer/msbuild/2003">
  <ItemGroup>
    <Filter Include="KbUDPclasses">
      <UniqueIdentifier>{205cc8b6-1323-4c81-b6a0-8eea390277c8}</UniqueIdentifier>
    </Filter>
  </ItemGroup>
  <ItemGroup>
    <ClCompile Include="$(MSBuildThisFileDirectory)KbUDPserverClass.cpp">
      <Filter>KbUDPclasses</Filter>
    </ClCompile>
    <ClCompile Include="$(MSBuildThisFileDirectory)KbTickerThreadedClass.cpp">
      <Filter>KbUDPclasses</Filter>
    </ClCompile>
    <ClCompile Include="$(MSBuildThisFileDirectory)KbTickerReceivers.cpp" />
    <ClCompile Include="$(MSBuildThisFileDirectory)KbTickers.cpp" />
  </ItemGroup>
  <ItemGroup>
    <ClInclude Include="$(MSBuildThisFileDirectory)KbUDPserverClass.h">
      <Filter>KbUDPclasses</Filter>
    </ClInclude>
    <ClInclude Include="$(MSBuildThisFileDirectory)KbTickerThreadedClass.h">
      <Filter>KbUDPclasses</Filter>
    </ClInclude>
    <ClInclude Include="$(MSBuildThisFileDirectory)KbUdpPacketHeaders.h">
      <Filter>KbUDPclasses</Filter>
    </ClInclude>
    <ClInclude Include="$(MSBuildThisFileDirectory)KbTickerReceivers.h" />
    <ClInclude Include="$(MSBuildThisFileDirectory)KbTickers.h" />
  </ItemGroup>
  <ItemGroup>
    <Text Include="$(MSBuildThisFileDirectory)KbUDPPacketsDescription.txt">
      <Filter>KbUDPclasses</Filter>
    </Text>
  </ItemGroup>
</Project>